
Microsoft Visual Studio Solution File, Format Version 12.00
# Visual Studio Version 17
VisualStudioVersion = 17.0.32112.339
MinimumVisualStudioVersion = 10.0.40219.1
Project("{FAE04EC0-301F-11D3-BF4B-00C04F79EFBC}") = "LIMinimalApiDemo", "LIMinimalApiDemo\LIMinimalApiDemo.csproj", "{2E289785-5084-4321-8436-C6C69FF394F0}"
EndProject
Global
	GlobalSection(SolutionConfigurationPlatforms) = preSolution
		Debug|Any CPU = Debug|Any CPU
		Release|Any CPU = Release|Any CPU
	EndGlobalSection
	GlobalSection(ProjectConfigurationPlatforms) = postSolution
		{2E289785-5084-4321-8436-C6C69FF394F0}.Debug|Any CPU.ActiveCfg = Debug|Any CPU
		{2E289785-5084-4321-8436-C6C69FF394F0}.Debug|Any CPU.Build.0 = Debug|Any CPU
		{2E289785-5084-4321-8436-C6C69FF394F0}.Release|Any CPU.ActiveCfg = Release|Any CPU
		{2E289785-5084-4321-8436-C6C69FF394F0}.Release|Any CPU.Build.0 = Release|Any CPU
	EndGlobalSection
	GlobalSection(SolutionProperties) = preSolution
		HideSolutionNode = FALSE
	EndGlobalSection
	GlobalSection(ExtensibilityGlobals) = postSolution
		SolutionGuid = {6381DF53-4B56-4D05-B1C5-92CFF8D58243}
	EndGlobalSection
EndGlobal
